
Microsoft Visual Studio Solution File, Format Version 12.00
# Visual Studio Version 17
VisualStudioVersion = 17.8.34309.116
MinimumVisualStudioVersion = 10.0.40219.1
Project("{9A19103F-16F7-4668-BE54-9A1E7A4F7556}") = "Eco.RM.StoredEnergy", "Eco.RM.ElectricTakeover\Eco.RM.StoredEnergy.csproj", "{378F81C9-DF06-48E0-86D9-797A684B7E86}"
EndProject
Project("{9A19103F-16F7-4668-BE54-9A1E7A4F7556}") = "Eco.EM.Framework", "..\..\EM-Framework\Eco.EM.Framework\Eco.EM.Framework.csproj", "{5D5B6129-901B-46E6-B3EA-C403A3A865B1}"
EndProject
Global
	GlobalSection(SolutionConfigurationPlatforms) = preSolution
		Debug|AMD64 = Debug|AMD64
		Debug|Any CPU = Debug|Any CPU
		Debug|ARM64 = Debug|ARM64
		Release|AMD64 = Release|AMD64
		Release|Any CPU = Release|Any CPU
		Release|ARM64 = Release|ARM64
	EndGlobalSection
	GlobalSection(ProjectConfigurationPlatforms) = postSolution
		{378F81C9-DF06-48E0-86D9-797A684B7E86}.Debug|AMD64.ActiveCfg = Debug|Any CPU
		{378F81C9-DF06-48E0-86D9-797A684B7E86}.Debug|AMD64.Build.0 = Debug|Any CPU
		{378F81C9-DF06-48E0-86D9-797A684B7E86}.Debug|Any CPU.ActiveCfg = Debug|Any CPU
		{378F81C9-DF06-48E0-86D9-797A684B7E86}.Debug|Any CPU.Build.0 = Debug|Any CPU
		{378F81C9-DF06-48E0-86D9-797A684B7E86}.Debug|ARM64.ActiveCfg = Debug|ARM64
		{378F81C9-DF06-48E0-86D9-797A684B7E86}.Debug|ARM64.Build.0 = Debug|ARM64
		{378F81C9-DF06-48E0-86D9-797A684B7E86}.Release|AMD64.ActiveCfg = Release|Any CPU
		{378F81C9-DF06-48E0-86D9-797A684B7E86}.Release|AMD64.Build.0 = Release|Any CPU
		{378F81C9-DF06-48E0-86D9-797A684B7E86}.Release|Any CPU.ActiveCfg = Release|Any CPU
		{378F81C9-DF06-48E0-86D9-797A684B7E86}.Release|Any CPU.Build.0 = Release|Any CPU
		{378F81C9-DF06-48E0-86D9-797A684B7E86}.Release|ARM64.ActiveCfg = Release|ARM64
		{378F81C9-DF06-48E0-86D9-797A684B7E86}.Release|ARM64.Build.0 = Release|ARM64
		{5D5B6129-901B-46E6-B3EA-C403A3A865B1}.Debug|AMD64.ActiveCfg = Debug|Any CPU
		{5D5B6129-901B-46E6-B3EA-C403A3A865B1}.Debug|AMD64.Build.0 = Debug|Any CPU
		{5D5B6129-901B-46E6-B3EA-C403A3A865B1}.Debug|Any CPU.ActiveCfg = Debug|Any CPU
		{5D5B6129-901B-46E6-B3EA-C403A3A865B1}.Debug|Any CPU.Build.0 = Debug|Any CPU
		{5D5B6129-901B-46E6-B3EA-C403A3A865B1}.Debug|ARM64.ActiveCfg = Debug|Any CPU
		{5D5B6129-901B-46E6-B3EA-C403A3A865B1}.Debug|ARM64.Build.0 = Debug|Any CPU
		{5D5B6129-901B-46E6-B3EA-C403A3A865B1}.Release|AMD64.ActiveCfg = Release|Any CPU
		{5D5B6129-901B-46E6-B3EA-C403A3A865B1}.Release|AMD64.Build.0 = Release|Any CPU
		{5D5B6129-901B-46E6-B3EA-C403A3A865B1}.Release|Any CPU.ActiveCfg = Release|Any CPU
		{5D5B6129-901B-46E6-B3EA-C403A3A865B1}.Release|Any CPU.Build.0 = Release|Any CPU
		{5D5B6129-901B-46E6-B3EA-C403A3A865B1}.Release|ARM64.ActiveCfg = Release|Any CPU
		{5D5B6129-901B-46E6-B3EA-C403A3A865B1}.Release|ARM64.Build.0 = Release|Any CPU
	EndGlobalSection
	GlobalSection(SolutionProperties) = preSolution
		HideSolutionNode = FALSE
	EndGlobalSection
	GlobalSection(ExtensibilityGlobals) = postSolution
		SolutionGuid = {CCEF645A-B4DD-47B6-BA69-449AAD5B0F0A}
	EndGlobalSection
EndGlobal
