
Microsoft Visual Studio Solution File, Format Version 12.00
# Visual Studio Version 17
VisualStudioVersion = 17.8.34309.116
MinimumVisualStudioVersion = 10.0.40219.1
Project("{9A19103F-16F7-4668-BE54-9A1E7A4F7556}") = "Eco.RM.ElectricTakeover", "Eco.RM.ElectricTakeover\Eco.RM.ElectricTakeover.csproj", "{65756435-C075-4030-B4FC-B095DD98798B}"
EndProject
Global
	GlobalSection(SolutionConfigurationPlatforms) = preSolution
		Debug|Any CPU = Debug|Any CPU
		Debug|ARM64 = Debug|ARM64
		Release|Any CPU = Release|Any CPU
		Release|ARM64 = Release|ARM64
	EndGlobalSection
	GlobalSection(ProjectConfigurationPlatforms) = postSolution
		{65756435-C075-4030-B4FC-B095DD98798B}.Debug|Any CPU.ActiveCfg = Debug|Any CPU
		{65756435-C075-4030-B4FC-B095DD98798B}.Debug|Any CPU.Build.0 = Debug|Any CPU
		{65756435-C075-4030-B4FC-B095DD98798B}.Debug|ARM64.ActiveCfg = Debug|ARM64
		{65756435-C075-4030-B4FC-B095DD98798B}.Debug|ARM64.Build.0 = Debug|ARM64
		{65756435-C075-4030-B4FC-B095DD98798B}.Release|Any CPU.ActiveCfg = Release|Any CPU
		{65756435-C075-4030-B4FC-B095DD98798B}.Release|Any CPU.Build.0 = Release|Any CPU
		{65756435-C075-4030-B4FC-B095DD98798B}.Release|ARM64.ActiveCfg = Release|ARM64
		{65756435-C075-4030-B4FC-B095DD98798B}.Release|ARM64.Build.0 = Release|ARM64
	EndGlobalSection
	GlobalSection(SolutionProperties) = preSolution
		HideSolutionNode = FALSE
	EndGlobalSection
	GlobalSection(ExtensibilityGlobals) = postSolution
		SolutionGuid = {ABA7425C-65D1-44B8-A893-8BE525533EAE}
	EndGlobalSection
EndGlobal
